
Microsoft Visual Studio Solution File, Format Version 12.00
# Visual Studio Version 17
VisualStudioVersion = 17.11.35219.272
MinimumVisualStudioVersion = 10.0.40219.1
Project("{8BC9CEB8-8B4A-11D0-8D11-00A0C91BC942}") = "001_Hello World", "001_Hello World\001_Hello World.vcxproj", "{9D723227-F583-468B-B457-832FB896C446}"
EndProject
Project("{8BC9CEB8-8B4A-11D0-8D11-00A0C91BC942}") = "002_Name", "002_Name\002_Name.vcxproj", "{FC8D928A-2467-4D3F-9A31-F1CE17DBAB23}"
EndProject
Project("{8BC9CEB8-8B4A-11D0-8D11-00A0C91BC942}") = "003_Smallest", "003_Smallest\003_Smallest.vcxproj", "{DE8B747D-39F1-4308-9D85-18CB141AE489}"
EndProject
Project("{8BC9CEB8-8B4A-11D0-8D11-00A0C91BC942}") = "004_애국가", "004_애국가\004_애국가.vcxproj", "{3E556FC9-F3FA-4561-90F6-5DB51705522B}"
EndProject
Project("{8BC9CEB8-8B4A-11D0-8D11-00A0C91BC942}") = "005_Plus", "005_Plus\005_Plus.vcxproj", "{4B30F179-7D3D-4698-ABD8-22DC8E8E841E}"
EndProject
Project("{8BC9CEB8-8B4A-11D0-8D11-00A0C91BC942}") = "006_Format", "006_Fomat\006_Fomat.vcxproj", "{6B76832F-C27A-4C27-9C69-01EACCBC1AB2}"
EndProject
Project("{8BC9CEB8-8B4A-11D0-8D11-00A0C91BC942}") = "007_Variable", "007_Variable\007_Variable.vcxproj", "{3673B8F1-F1BF-43DB-B5B0-3538F13D641C}"
EndProject
Project("{8BC9CEB8-8B4A-11D0-8D11-00A0C91BC942}") = "008_Arithmetic", "008_Arithmetic\008_Arithmetic.vcxproj", "{302DEE96-3BB9-4D68-AF1B-0EE774C234D9}"
EndProject
Project("{8BC9CEB8-8B4A-11D0-8D11-00A0C91BC942}") = "009_Sizeof", "009_sizeof\009_sizeof.vcxproj", "{66C761B7-66E7-427A-AE28-48BCFDB412AE}"
EndProject
Project("{8BC9CEB8-8B4A-11D0-8D11-00A0C91BC942}") = "010_Type", "010_Type\010_Type.vcxproj", "{7C8FC033-8240-43A8-9926-5D205DB3EA93}"
EndProject
Project("{8BC9CEB8-8B4A-11D0-8D11-00A0C91BC942}") = "011_Average", "011_Average\011_Average.vcxproj", "{A2B30719-FDD8-4E9B-9F7A-7A0B3567BADA}"
EndProject
Project("{8BC9CEB8-8B4A-11D0-8D11-00A0C91BC942}") = "012_ASCII", "012_ASCII\012_ASCII.vcxproj", "{C8D6E697-E851-486B-831F-FEFA4D8BAAC7}"
EndProject
Project("{8BC9CEB8-8B4A-11D0-8D11-00A0C91BC942}") = "013_ASCII2", "013_ASCII2\013_ASCII2.vcxproj", "{18445BED-0B48-4347-8E35-F488C5136D02}"
EndProject
Project("{8BC9CEB8-8B4A-11D0-8D11-00A0C91BC942}") = "014_Increment", "014_Increment\014_Increment.vcxproj", "{0F574A53-6453-438F-A341-84F77117D5DD}"
EndProject
Project("{8BC9CEB8-8B4A-11D0-8D11-00A0C91BC942}") = "015_RelationalOp", "015_relationalOp\015_relationalOp.vcxproj", "{6BB0FD9E-933C-44EA-B1C1-CF7617C1D9F4}"
EndProject
Project("{8BC9CEB8-8B4A-11D0-8D11-00A0C91BC942}") = "016_LogicalOp", "016_LogicalOp\016_LogicalOp.vcxproj", "{EB503CD9-0E21-4822-ACEF-7CCCE13C5E93}"
EndProject
Project("{8BC9CEB8-8B4A-11D0-8D11-00A0C91BC942}") = "017_scanf", "017_scanf\017_scanf.vcxproj", "{03E4BEB7-4322-47AC-BB30-8CD214DDCD58}"
EndProject
Project("{8BC9CEB8-8B4A-11D0-8D11-00A0C91BC942}") = "018_nextChar", "018_nextChar\018_nextChar.vcxproj", "{E5E1F8FB-DC67-4C46-860D-DD3A297BBEBF}"
EndProject
Project("{8BC9CEB8-8B4A-11D0-8D11-00A0C91BC942}") = "019_evenOdd", "019_evenOdd\019_evenOdd.vcxproj", "{E2F57938-9839-4145-9C76-1DAE58652C91}"
EndProject
Project("{8BC9CEB8-8B4A-11D0-8D11-00A0C91BC942}") = "020_plusMinus", "020_plusMinus\020_plusMinus.vcxproj", "{D9788BA7-D7D2-4A11-9531-24E18FE22B28}"
EndProject
Project("{8BC9CEB8-8B4A-11D0-8D11-00A0C91BC942}") = "021_descending", "021_descending\021_descending.vcxproj", "{21ED055F-1141-4F06-99A2-CC187F203453}"
EndProject
Project("{8BC9CEB8-8B4A-11D0-8D11-00A0C91BC942}") = "022_menu", "022_menu\022_menu.vcxproj", "{536B2940-D297-4A80-B00F-1BD9FD9F51AB}"
EndProject
Project("{8BC9CEB8-8B4A-11D0-8D11-00A0C91BC942}") = "023_switch", "023_switch\023_switch.vcxproj", "{FFA5C115-24A3-4C0E-8D31-2B535955890D}"
EndProject
Project("{8BC9CEB8-8B4A-11D0-8D11-00A0C91BC942}") = "024_while", "024_while\024_while.vcxproj", "{2E0848A1-BFDD-47D3-A0A4-E46EAC4A29D1}"
EndProject
Project("{8BC9CEB8-8B4A-11D0-8D11-00A0C91BC942}") = "025_dowhile", "025_dowhile\025_dowhile.vcxproj", "{3202CD12-0D18-4021-B3A0-635FD96B9705}"
EndProject
Project("{8BC9CEB8-8B4A-11D0-8D11-00A0C91BC942}") = "026_menuLoop", "026_menuLoop\026_menuLoop.vcxproj", "{04FFF345-0945-41CE-96ED-6794B72FF491}"
EndProject
Project("{8BC9CEB8-8B4A-11D0-8D11-00A0C91BC942}") = "027_3Problems", "027_3Problems\027_3Problems.vcxproj", "{DEADFCB6-4254-494F-9ECB-682D75763E76}"
EndProject
Project("{8BC9CEB8-8B4A-11D0-8D11-00A0C91BC942}") = "028_3ProblemsWithFor", "028_3ProblemsWithFor\028_3ProblemsWithFor.vcxproj", "{C0A5F877-2889-42D6-B4AA-CD4336785FB2}"
EndProject
Project("{8BC9CEB8-8B4A-11D0-8D11-00A0C91BC942}") = "029_ex4_17", "029_ex4_17\029_ex4_17.vcxproj", "{36F0BE71-CEEC-4E38-9CF3-A3EFF9C4269F}"
EndProject
Project("{8BC9CEB8-8B4A-11D0-8D11-00A0C91BC942}") = "030_breakContinue", "030_breakContinue\030_breakContinue.vcxproj", "{1B58C3E6-B53E-48D1-9833-D2AA73E89F12}"
EndProject
Project("{8BC9CEB8-8B4A-11D0-8D11-00A0C91BC942}") = "031_doubleLoop", "031_doubleLoop\031_doubleLoop.vcxproj", "{0D7BE73F-45F7-426B-B91C-0892898D9E67}"
EndProject
Project("{8BC9CEB8-8B4A-11D0-8D11-00A0C91BC942}") = "032_array", "032_array\032_array.vcxproj", "{30B2D3F4-5442-43A4-BF1B-D6544A153FAD}"
EndProject
Project("{8BC9CEB8-8B4A-11D0-8D11-00A0C91BC942}") = "033_arrPrint", "033_arrPrint\033_arrPrint.vcxproj", "{9E2BC5B3-777E-4E41-BCBD-03058BF5EE4D}"
EndProject
Project("{8BC9CEB8-8B4A-11D0-8D11-00A0C91BC942}") = "034_2dimensionsArray", "034_2dimensionsArray\034_2dimensionsArray.vcxproj", "{AC80CA7A-36C6-4C2D-8A64-53E625008E9B}"
EndProject
Project("{8BC9CEB8-8B4A-11D0-8D11-00A0C91BC942}") = "035_p150_4", "035_p150_4\035_p150_4.vcxproj", "{123B81A0-3437-41AD-B359-FF4EA5FCF12C}"
EndProject
Project("{8BC9CEB8-8B4A-11D0-8D11-00A0C91BC942}") = "036_string", "036_string\036_string.vcxproj", "{3AD3C86A-BC34-4752-BCB5-9BA5B86220CA}"
EndProject
Global
	GlobalSection(SolutionConfigurationPlatforms) = preSolution
		Debug|x64 = Debug|x64
		Debug|x86 = Debug|x86
		Release|x64 = Release|x64
		Release|x86 = Release|x86
	EndGlobalSection
	GlobalSection(ProjectConfigurationPlatforms) = postSolution
		{9D723227-F583-468B-B457-832FB896C446}.Debug|x64.ActiveCfg = Debug|x64
		{9D723227-F583-468B-B457-832FB896C446}.Debug|x64.Build.0 = Debug|x64
		{9D723227-F583-468B-B457-832FB896C446}.Debug|x86.ActiveCfg = Debug|Win32
		{9D723227-F583-468B-B457-832FB896C446}.Debug|x86.Build.0 = Debug|Win32
		{9D723227-F583-468B-B457-832FB896C446}.Release|x64.ActiveCfg = Release|x64
		{9D723227-F583-468B-B457-832FB896C446}.Release|x64.Build.0 = Release|x64
		{9D723227-F583-468B-B457-832FB896C446}.Release|x86.ActiveCfg = Release|Win32
		{9D723227-F583-468B-B457-832FB896C446}.Release|x86.Build.0 = Release|Win32
		{FC8D928A-2467-4D3F-9A31-F1CE17DBAB23}.Debug|x64.ActiveCfg = Debug|x64
		{FC8D928A-2467-4D3F-9A31-F1CE17DBAB23}.Debug|x64.Build.0 = Debug|x64
		{FC8D928A-2467-4D3F-9A31-F1CE17DBAB23}.Debug|x86.ActiveCfg = Debug|Win32
		{FC8D928A-2467-4D3F-9A31-F1CE17DBAB23}.Debug|x86.Build.0 = Debug|Win32
		{FC8D928A-2467-4D3F-9A31-F1CE17DBAB23}.Release|x64.ActiveCfg = Release|x64
		{FC8D928A-2467-4D3F-9A31-F1CE17DBAB23}.Release|x64.Build.0 = Release|x64
		{FC8D928A-2467-4D3F-9A31-F1CE17DBAB23}.Release|x86.ActiveCfg = Release|Win32
		{FC8D928A-2467-4D3F-9A31-F1CE17DBAB23}.Release|x86.Build.0 = Release|Win32
		{DE8B747D-39F1-4308-9D85-18CB141AE489}.Debug|x64.ActiveCfg = Debug|x64
		{DE8B747D-39F1-4308-9D85-18CB141AE489}.Debug|x64.Build.0 = Debug|x64
		{DE8B747D-39F1-4308-9D85-18CB141AE489}.Debug|x86.ActiveCfg = Debug|Win32
		{DE8B747D-39F1-4308-9D85-18CB141AE489}.Debug|x86.Build.0 = Debug|Win32
		{DE8B747D-39F1-4308-9D85-18CB141AE489}.Release|x64.ActiveCfg = Release|x64
		{DE8B747D-39F1-4308-9D85-18CB141AE489}.Release|x64.Build.0 = Release|x64
		{DE8B747D-39F1-4308-9D85-18CB141AE489}.Release|x86.ActiveCfg = Release|Win32
		{DE8B747D-39F1-4308-9D85-18CB141AE489}.Release|x86.Build.0 = Release|Win32
		{3E556FC9-F3FA-4561-90F6-5DB51705522B}.Debug|x64.ActiveCfg = Debug|x64
		{3E556FC9-F3FA-4561-90F6-5DB51705522B}.Debug|x64.Build.0 = Debug|x64
		{3E556FC9-F3FA-4561-90F6-5DB51705522B}.Debug|x86.ActiveCfg = Debug|Win32
		{3E556FC9-F3FA-4561-90F6-5DB51705522B}.Debug|x86.Build.0 = Debug|Win32
		{3E556FC9-F3FA-4561-90F6-5DB51705522B}.Release|x64.ActiveCfg = Release|x64
		{3E556FC9-F3FA-4561-90F6-5DB51705522B}.Release|x64.Build.0 = Release|x64
		{3E556FC9-F3FA-4561-90F6-5DB51705522B}.Release|x86.ActiveCfg = Release|Win32
		{3E556FC9-F3FA-4561-90F6-5DB51705522B}.Release|x86.Build.0 = Release|Win32
		{4B30F179-7D3D-4698-ABD8-22DC8E8E841E}.Debug|x64.ActiveCfg = Debug|x64
		{4B30F179-7D3D-4698-ABD8-22DC8E8E841E}.Debug|x64.Build.0 = Debug|x64
		{4B30F179-7D3D-4698-ABD8-22DC8E8E841E}.Debug|x86.ActiveCfg = Debug|Win32
		{4B30F179-7D3D-4698-ABD8-22DC8E8E841E}.Debug|x86.Build.0 = Debug|Win32
		{4B30F179-7D3D-4698-ABD8-22DC8E8E841E}.Release|x64.ActiveCfg = Release|x64
		{4B30F179-7D3D-4698-ABD8-22DC8E8E841E}.Release|x64.Build.0 = Release|x64
		{4B30F179-7D3D-4698-ABD8-22DC8E8E841E}.Release|x86.ActiveCfg = Release|Win32
		{4B30F179-7D3D-4698-ABD8-22DC8E8E841E}.Release|x86.Build.0 = Release|Win32
		{6B76832F-C27A-4C27-9C69-01EACCBC1AB2}.Debug|x64.ActiveCfg = Debug|x64
		{6B76832F-C27A-4C27-9C69-01EACCBC1AB2}.Debug|x64.Build.0 = Debug|x64
		{6B76832F-C27A-4C27-9C69-01EACCBC1AB2}.Debug|x86.ActiveCfg = Debug|Win32
		{6B76832F-C27A-4C27-9C69-01EACCBC1AB2}.Debug|x86.Build.0 = Debug|Win32
		{6B76832F-C27A-4C27-9C69-01EACCBC1AB2}.Release|x64.ActiveCfg = Release|x64
		{6B76832F-C27A-4C27-9C69-01EACCBC1AB2}.Release|x64.Build.0 = Release|x64
		{6B76832F-C27A-4C27-9C69-01EACCBC1AB2}.Release|x86.ActiveCfg = Release|Win32
		{6B76832F-C27A-4C27-9C69-01EACCBC1AB2}.Release|x86.Build.0 = Release|Win32
		{3673B8F1-F1BF-43DB-B5B0-3538F13D641C}.Debug|x64.ActiveCfg = Debug|x64
		{3673B8F1-F1BF-43DB-B5B0-3538F13D641C}.Debug|x64.Build.0 = Debug|x64
		{3673B8F1-F1BF-43DB-B5B0-3538F13D641C}.Debug|x86.ActiveCfg = Debug|Win32
		{3673B8F1-F1BF-43DB-B5B0-3538F13D641C}.Debug|x86.Build.0 = Debug|Win32
		{3673B8F1-F1BF-43DB-B5B0-3538F13D641C}.Release|x64.ActiveCfg = Release|x64
		{3673B8F1-F1BF-43DB-B5B0-3538F13D641C}.Release|x64.Build.0 = Release|x64
		{3673B8F1-F1BF-43DB-B5B0-3538F13D641C}.Release|x86.ActiveCfg = Release|Win32
		{3673B8F1-F1BF-43DB-B5B0-3538F13D641C}.Release|x86.Build.0 = Release|Win32
		{302DEE96-3BB9-4D68-AF1B-0EE774C234D9}.Debug|x64.ActiveCfg = Debug|x64
		{302DEE96-3BB9-4D68-AF1B-0EE774C234D9}.Debug|x64.Build.0 = Debug|x64
		{302DEE96-3BB9-4D68-AF1B-0EE774C234D9}.Debug|x86.ActiveCfg = Debug|Win32
		{302DEE96-3BB9-4D68-AF1B-0EE774C234D9}.Debug|x86.Build.0 = Debug|Win32
		{302DEE96-3BB9-4D68-AF1B-0EE774C234D9}.Release|x64.ActiveCfg = Release|x64
		{302DEE96-3BB9-4D68-AF1B-0EE774C234D9}.Release|x64.Build.0 = Release|x64
		{302DEE96-3BB9-4D68-AF1B-0EE774C234D9}.Release|x86.ActiveCfg = Release|Win32
		{302DEE96-3BB9-4D68-AF1B-0EE774C234D9}.Release|x86.Build.0 = Release|Win32
		{66C761B7-66E7-427A-AE28-48BCFDB412AE}.Debug|x64.ActiveCfg = Debug|x64
		{66C761B7-66E7-427A-AE28-48BCFDB412AE}.Debug|x64.Build.0 = Debug|x64
		{66C761B7-66E7-427A-AE28-48BCFDB412AE}.Debug|x86.ActiveCfg = Debug|Win32
		{66C761B7-66E7-427A-AE28-48BCFDB412AE}.Debug|x86.Build.0 = Debug|Win32
		{66C761B7-66E7-427A-AE28-48BCFDB412AE}.Release|x64.ActiveCfg = Release|x64
		{66C761B7-66E7-427A-AE28-48BCFDB412AE}.Release|x64.Build.0 = Release|x64
		{66C761B7-66E7-427A-AE28-48BCFDB412AE}.Release|x86.ActiveCfg = Release|Win32
		{66C761B7-66E7-427A-AE28-48BCFDB412AE}.Release|x86.Build.0 = Release|Win32
		{7C8FC033-8240-43A8-9926-5D205DB3EA93}.Debug|x64.ActiveCfg = Debug|x64
		{7C8FC033-8240-43A8-9926-5D205DB3EA93}.Debug|x64.Build.0 = Debug|x64
		{7C8FC033-8240-43A8-9926-5D205DB3EA93}.Debug|x86.ActiveCfg = Debug|Win32
		{7C8FC033-8240-43A8-9926-5D205DB3EA93}.Debug|x86.Build.0 = Debug|Win32
		{7C8FC033-8240-43A8-9926-5D205DB3EA93}.Release|x64.ActiveCfg = Release|x64
		{7C8FC033-8240-43A8-9926-5D205DB3EA93}.Release|x64.Build.0 = Release|x64
		{7C8FC033-8240-43A8-9926-5D205DB3EA93}.Release|x86.ActiveCfg = Release|Win32
		{7C8FC033-8240-43A8-9926-5D205DB3EA93}.Release|x86.Build.0 = Release|Win32
		{A2B30719-FDD8-4E9B-9F7A-7A0B3567BADA}.Debug|x64.ActiveCfg = Debug|x64
		{A2B30719-FDD8-4E9B-9F7A-7A0B3567BADA}.Debug|x64.Build.0 = Debug|x64
		{A2B30719-FDD8-4E9B-9F7A-7A0B3567BADA}.Debug|x86.ActiveCfg = Debug|Win32
		{A2B30719-FDD8-4E9B-9F7A-7A0B3567BADA}.Debug|x86.Build.0 = Debug|Win32
		{A2B30719-FDD8-4E9B-9F7A-7A0B3567BADA}.Release|x64.ActiveCfg = Release|x64
		{A2B30719-FDD8-4E9B-9F7A-7A0B3567BADA}.Release|x64.Build.0 = Release|x64
		{A2B30719-FDD8-4E9B-9F7A-7A0B3567BADA}.Release|x86.ActiveCfg = Release|Win32
		{A2B30719-FDD8-4E9B-9F7A-7A0B3567BADA}.Release|x86.Build.0 = Release|Win32
		{C8D6E697-E851-486B-831F-FEFA4D8BAAC7}.Debug|x64.ActiveCfg = Debug|x64
		{C8D6E697-E851-486B-831F-FEFA4D8BAAC7}.Debug|x64.Build.0 = Debug|x64
		{C8D6E697-E851-486B-831F-FEFA4D8BAAC7}.Debug|x86.ActiveCfg = Debug|Win32
		{C8D6E697-E851-486B-831F-FEFA4D8BAAC7}.Debug|x86.Build.0 = Debug|Win32
		{C8D6E697-E851-486B-831F-FEFA4D8BAAC7}.Release|x64.ActiveCfg = Release|x64
		{C8D6E697-E851-486B-831F-FEFA4D8BAAC7}.Release|x64.Build.0 = Release|x64
		{C8D6E697-E851-486B-831F-FEFA4D8BAAC7}.Release|x86.ActiveCfg = Release|Win32
		{C8D6E697-E851-486B-831F-FEFA4D8BAAC7}.Release|x86.Build.0 = Release|Win32
		{18445BED-0B48-4347-8E35-F488C5136D02}.Debug|x64.ActiveCfg = Debug|x64
		{18445BED-0B48-4347-8E35-F488C5136D02}.Debug|x64.Build.0 = Debug|x64
		{18445BED-0B48-4347-8E35-F488C5136D02}.Debug|x86.ActiveCfg = Debug|Win32
		{18445BED-0B48-4347-8E35-F488C5136D02}.Debug|x86.Build.0 = Debug|Win32
		{18445BED-0B48-4347-8E35-F488C5136D02}.Release|x64.ActiveCfg = Release|x64
		{18445BED-0B48-4347-8E35-F488C5136D02}.Release|x64.Build.0 = Release|x64
		{18445BED-0B48-4347-8E35-F488C5136D02}.Release|x86.ActiveCfg = Release|Win32
		{18445BED-0B48-4347-8E35-F488C5136D02}.Release|x86.Build.0 = Release|Win32
		{0F574A53-6453-438F-A341-84F77117D5DD}.Debug|x64.ActiveCfg = Debug|x64
		{0F574A53-6453-438F-A341-84F77117D5DD}.Debug|x64.Build.0 = Debug|x64
		{0F574A53-6453-438F-A341-84F77117D5DD}.Debug|x86.ActiveCfg = Debug|Win32
		{0F574A53-6453-438F-A341-84F77117D5DD}.Debug|x86.Build.0 = Debug|Win32
		{0F574A53-6453-438F-A341-84F77117D5DD}.Release|x64.ActiveCfg = Release|x64
		{0F574A53-6453-438F-A341-84F77117D5DD}.Release|x64.Build.0 = Release|x64
		{0F574A53-6453-438F-A341-84F77117D5DD}.Release|x86.ActiveCfg = Release|Win32
		{0F574A53-6453-438F-A341-84F77117D5DD}.Release|x86.Build.0 = Release|Win32
		{6BB0FD9E-933C-44EA-B1C1-CF7617C1D9F4}.Debug|x64.ActiveCfg = Debug|x64
		{6BB0FD9E-933C-44EA-B1C1-CF7617C1D9F4}.Debug|x64.Build.0 = Debug|x64
		{6BB0FD9E-933C-44EA-B1C1-CF7617C1D9F4}.Debug|x86.ActiveCfg = Debug|Win32
		{6BB0FD9E-933C-44EA-B1C1-CF7617C1D9F4}.Debug|x86.Build.0 = Debug|Win32
		{6BB0FD9E-933C-44EA-B1C1-CF7617C1D9F4}.Release|x64.ActiveCfg = Release|x64
		{6BB0FD9E-933C-44EA-B1C1-CF7617C1D9F4}.Release|x64.Build.0 = Release|x64
		{6BB0FD9E-933C-44EA-B1C1-CF7617C1D9F4}.Release|x86.ActiveCfg = Release|Win32
		{6BB0FD9E-933C-44EA-B1C1-CF7617C1D9F4}.Release|x86.Build.0 = Release|Win32
		{EB503CD9-0E21-4822-ACEF-7CCCE13C5E93}.Debug|x64.ActiveCfg = Debug|x64
		{EB503CD9-0E21-4822-ACEF-7CCCE13C5E93}.Debug|x64.Build.0 = Debug|x64
		{EB503CD9-0E21-4822-ACEF-7CCCE13C5E93}.Debug|x86.ActiveCfg = Debug|Win32
		{EB503CD9-0E21-4822-ACEF-7CCCE13C5E93}.Debug|x86.Build.0 = Debug|Win32
		{EB503CD9-0E21-4822-ACEF-7CCCE13C5E93}.Release|x64.ActiveCfg = Release|x64
		{EB503CD9-0E21-4822-ACEF-7CCCE13C5E93}.Release|x64.Build.0 = Release|x64
		{EB503CD9-0E21-4822-ACEF-7CCCE13C5E93}.Release|x86.ActiveCfg = Release|Win32
		{EB503CD9-0E21-4822-ACEF-7CCCE13C5E93}.Release|x86.Build.0 = Release|Win32
		{03E4BEB7-4322-47AC-BB30-8CD214DDCD58}.Debug|x64.ActiveCfg = Debug|x64
		{03E4BEB7-4322-47AC-BB30-8CD214DDCD58}.Debug|x64.Build.0 = Debug|x64
		{03E4BEB7-4322-47AC-BB30-8CD214DDCD58}.Debug|x86.ActiveCfg = Debug|Win32
		{03E4BEB7-4322-47AC-BB30-8CD214DDCD58}.Debug|x86.Build.0 = Debug|Win32
		{03E4BEB7-4322-47AC-BB30-8CD214DDCD58}.Release|x64.ActiveCfg = Release|x64
		{03E4BEB7-4322-47AC-BB30-8CD214DDCD58}.Release|x64.Build.0 = Release|x64
		{03E4BEB7-4322-47AC-BB30-8CD214DDCD58}.Release|x86.ActiveCfg = Release|Win32
		{03E4BEB7-4322-47AC-BB30-8CD214DDCD58}.Release|x86.Build.0 = Release|Win32
		{E5E1F8FB-DC67-4C46-860D-DD3A297BBEBF}.Debug|x64.ActiveCfg = Debug|x64
		{E5E1F8FB-DC67-4C46-860D-DD3A297BBEBF}.Debug|x64.Build.0 = Debug|x64
		{E5E1F8FB-DC67-4C46-860D-DD3A297BBEBF}.Debug|x86.ActiveCfg = Debug|Win32
		{E5E1F8FB-DC67-4C46-860D-DD3A297BBEBF}.Debug|x86.Build.0 = Debug|Win32
		{E5E1F8FB-DC67-4C46-860D-DD3A297BBEBF}.Release|x64.ActiveCfg = Release|x64
		{E5E1F8FB-DC67-4C46-860D-DD3A297BBEBF}.Release|x64.Build.0 = Release|x64
		{E5E1F8FB-DC67-4C46-860D-DD3A297BBEBF}.Release|x86.ActiveCfg = Release|Win32
		{E5E1F8FB-DC67-4C46-860D-DD3A297BBEBF}.Release|x86.Build.0 = Release|Win32
		{E2F57938-9839-4145-9C76-1DAE58652C91}.Debug|x64.ActiveCfg = Debug|x64
		{E2F57938-9839-4145-9C76-1DAE58652C91}.Debug|x64.Build.0 = Debug|x64
		{E2F57938-9839-4145-9C76-1DAE58652C91}.Debug|x86.ActiveCfg = Debug|Win32
		{E2F57938-9839-4145-9C76-1DAE58652C91}.Debug|x86.Build.0 = Debug|Win32
		{E2F57938-9839-4145-9C76-1DAE58652C91}.Release|x64.ActiveCfg = Release|x64
		{E2F57938-9839-4145-9C76-1DAE58652C91}.Release|x64.Build.0 = Release|x64
		{E2F57938-9839-4145-9C76-1DAE58652C91}.Release|x86.ActiveCfg = Release|Win32
		{E2F57938-9839-4145-9C76-1DAE58652C91}.Release|x86.Build.0 = Release|Win32
		{D9788BA7-D7D2-4A11-9531-24E18FE22B28}.Debug|x64.ActiveCfg = Debug|x64
		{D9788BA7-D7D2-4A11-9531-24E18FE22B28}.Debug|x64.Build.0 = Debug|x64
		{D9788BA7-D7D2-4A11-9531-24E18FE22B28}.Debug|x86.ActiveCfg = Debug|Win32
		{D9788BA7-D7D2-4A11-9531-24E18FE22B28}.Debug|x86.Build.0 = Debug|Win32
		{D9788BA7-D7D2-4A11-9531-24E18FE22B28}.Release|x64.ActiveCfg = Release|x64
		{D9788BA7-D7D2-4A11-9531-24E18FE22B28}.Release|x64.Build.0 = Release|x64
		{D9788BA7-D7D2-4A11-9531-24E18FE22B28}.Release|x86.ActiveCfg = Release|Win32
		{D9788BA7-D7D2-4A11-9531-24E18FE22B28}.Release|x86.Build.0 = Release|Win32
		{21ED055F-1141-4F06-99A2-CC187F203453}.Debug|x64.ActiveCfg = Debug|x64
		{21ED055F-1141-4F06-99A2-CC187F203453}.Debug|x64.Build.0 = Debug|x64
		{21ED055F-1141-4F06-99A2-CC187F203453}.Debug|x86.ActiveCfg = Debug|Win32
		{21ED055F-1141-4F06-99A2-CC187F203453}.Debug|x86.Build.0 = Debug|Win32
		{21ED055F-1141-4F06-99A2-CC187F203453}.Release|x64.ActiveCfg = Release|x64
		{21ED055F-1141-4F06-99A2-CC187F203453}.Release|x64.Build.0 = Release|x64
		{21ED055F-1141-4F06-99A2-CC187F203453}.Release|x86.ActiveCfg = Release|Win32
		{21ED055F-1141-4F06-99A2-CC187F203453}.Release|x86.Build.0 = Release|Win32
		{536B2940-D297-4A80-B00F-1BD9FD9F51AB}.Debug|x64.ActiveCfg = Debug|x64
		{536B2940-D297-4A80-B00F-1BD9FD9F51AB}.Debug|x64.Build.0 = Debug|x64
		{536B2940-D297-4A80-B00F-1BD9FD9F51AB}.Debug|x86.ActiveCfg = Debug|Win32
		{536B2940-D297-4A80-B00F-1BD9FD9F51AB}.Debug|x86.Build.0 = Debug|Win32
		{536B2940-D297-4A80-B00F-1BD9FD9F51AB}.Release|x64.ActiveCfg = Release|x64
		{536B2940-D297-4A80-B00F-1BD9FD9F51AB}.Release|x64.Build.0 = Release|x64
		{536B2940-D297-4A80-B00F-1BD9FD9F51AB}.Release|x86.ActiveCfg = Release|Win32
		{536B2940-D297-4A80-B00F-1BD9FD9F51AB}.Release|x86.Build.0 = Release|Win32
		{FFA5C115-24A3-4C0E-8D31-2B535955890D}.Debug|x64.ActiveCfg = Debug|x64
		{FFA5C115-24A3-4C0E-8D31-2B535955890D}.Debug|x64.Build.0 = Debug|x64
		{FFA5C115-24A3-4C0E-8D31-2B535955890D}.Debug|x86.ActiveCfg = Debug|Win32
		{FFA5C115-24A3-4C0E-8D31-2B535955890D}.Debug|x86.Build.0 = Debug|Win32
		{FFA5C115-24A3-4C0E-8D31-2B535955890D}.Release|x64.ActiveCfg = Release|x64
		{FFA5C115-24A3-4C0E-8D31-2B535955890D}.Release|x64.Build.0 = Release|x64
		{FFA5C115-24A3-4C0E-8D31-2B535955890D}.Release|x86.ActiveCfg = Release|Win32
		{FFA5C115-24A3-4C0E-8D31-2B535955890D}.Release|x86.Build.0 = Release|Win32
		{2E0848A1-BFDD-47D3-A0A4-E46EAC4A29D1}.Debug|x64.ActiveCfg = Debug|x64
		{2E0848A1-BFDD-47D3-A0A4-E46EAC4A29D1}.Debug|x64.Build.0 = Debug|x64
		{2E0848A1-BFDD-47D3-A0A4-E46EAC4A29D1}.Debug|x86.ActiveCfg = Debug|Win32
		{2E0848A1-BFDD-47D3-A0A4-E46EAC4A29D1}.Debug|x86.Build.0 = Debug|Win32
		{2E0848A1-BFDD-47D3-A0A4-E46EAC4A29D1}.Release|x64.ActiveCfg = Release|x64
		{2E0848A1-BFDD-47D3-A0A4-E46EAC4A29D1}.Release|x64.Build.0 = Release|x64
		{2E0848A1-BFDD-47D3-A0A4-E46EAC4A29D1}.Release|x86.ActiveCfg = Release|Win32
		{2E0848A1-BFDD-47D3-A0A4-E46EAC4A29D1}.Release|x86.Build.0 = Release|Win32
		{3202CD12-0D18-4021-B3A0-635FD96B9705}.Debug|x64.ActiveCfg = Debug|x64
		{3202CD12-0D18-4021-B3A0-635FD96B9705}.Debug|x64.Build.0 = Debug|x64
		{3202CD12-0D18-4021-B3A0-635FD96B9705}.Debug|x86.ActiveCfg = Debug|Win32
		{3202CD12-0D18-4021-B3A0-635FD96B9705}.Debug|x86.Build.0 = Debug|Win32
		{3202CD12-0D18-4021-B3A0-635FD96B9705}.Release|x64.ActiveCfg = Release|x64
		{3202CD12-0D18-4021-B3A0-635FD96B9705}.Release|x64.Build.0 = Release|x64
		{3202CD12-0D18-4021-B3A0-635FD96B9705}.Release|x86.ActiveCfg = Release|Win32
		{3202CD12-0D18-4021-B3A0-635FD96B9705}.Release|x86.Build.0 = Release|Win32
		{04FFF345-0945-41CE-96ED-6794B72FF491}.Debug|x64.ActiveCfg = Debug|x64
		{04FFF345-0945-41CE-96ED-6794B72FF491}.Debug|x64.Build.0 = Debug|x64
		{04FFF345-0945-41CE-96ED-6794B72FF491}.Debug|x86.ActiveCfg = Debug|Win32
		{04FFF345-0945-41CE-96ED-6794B72FF491}.Debug|x86.Build.0 = Debug|Win32
		{04FFF345-0945-41CE-96ED-6794B72FF491}.Release|x64.ActiveCfg = Release|x64
		{04FFF345-0945-41CE-96ED-6794B72FF491}.Release|x64.Build.0 = Release|x64
		{04FFF345-0945-41CE-96ED-6794B72FF491}.Release|x86.ActiveCfg = Release|Win32
		{04FFF345-0945-41CE-96ED-6794B72FF491}.Release|x86.Build.0 = Release|Win32
		{DEADFCB6-4254-494F-9ECB-682D75763E76}.Debug|x64.ActiveCfg = Debug|x64
		{DEADFCB6-4254-494F-9ECB-682D75763E76}.Debug|x64.Build.0 = Debug|x64
		{DEADFCB6-4254-494F-9ECB-682D75763E76}.Debug|x86.ActiveCfg = Debug|Win32
		{DEADFCB6-4254-494F-9ECB-682D75763E76}.Debug|x86.Build.0 = Debug|Win32
		{DEADFCB6-4254-494F-9ECB-682D75763E76}.Release|x64.ActiveCfg = Release|x64
		{DEADFCB6-4254-494F-9ECB-682D75763E76}.Release|x64.Build.0 = Release|x64
		{DEADFCB6-4254-494F-9ECB-682D75763E76}.Release|x86.ActiveCfg = Release|Win32
		{DEADFCB6-4254-494F-9ECB-682D75763E76}.Release|x86.Build.0 = Release|Win32
		{C0A5F877-2889-42D6-B4AA-CD4336785FB2}.Debug|x64.ActiveCfg = Debug|x64
		{C0A5F877-2889-42D6-B4AA-CD4336785FB2}.Debug|x64.Build.0 = Debug|x64
		{C0A5F877-2889-42D6-B4AA-CD4336785FB2}.Debug|x86.ActiveCfg = Debug|Win32
		{C0A5F877-2889-42D6-B4AA-CD4336785FB2}.Debug|x86.Build.0 = Debug|Win32
		{C0A5F877-2889-42D6-B4AA-CD4336785FB2}.Release|x64.ActiveCfg = Release|x64
		{C0A5F877-2889-42D6-B4AA-CD4336785FB2}.Release|x64.Build.0 = Release|x64
		{C0A5F877-2889-42D6-B4AA-CD4336785FB2}.Release|x86.ActiveCfg = Release|Win32
		{C0A5F877-2889-42D6-B4AA-CD4336785FB2}.Release|x86.Build.0 = Release|Win32
		{36F0BE71-CEEC-4E38-9CF3-A3EFF9C4269F}.Debug|x64.ActiveCfg = Debug|x64
		{36F0BE71-CEEC-4E38-9CF3-A3EFF9C4269F}.Debug|x64.Build.0 = Debug|x64
		{36F0BE71-CEEC-4E38-9CF3-A3EFF9C4269F}.Debug|x86.ActiveCfg = Debug|Win32
		{36F0BE71-CEEC-4E38-9CF3-A3EFF9C4269F}.Debug|x86.Build.0 = Debug|Win32
		{36F0BE71-CEEC-4E38-9CF3-A3EFF9C4269F}.Release|x64.ActiveCfg = Release|x64
		{36F0BE71-CEEC-4E38-9CF3-A3EFF9C4269F}.Release|x64.Build.0 = Release|x64
		{36F0BE71-CEEC-4E38-9CF3-A3EFF9C4269F}.Release|x86.ActiveCfg = Release|Win32
		{36F0BE71-CEEC-4E38-9CF3-A3EFF9C4269F}.Release|x86.Build.0 = Release|Win32
		{1B58C3E6-B53E-48D1-9833-D2AA73E89F12}.Debug|x64.ActiveCfg = Debug|x64
		{1B58C3E6-B53E-48D1-9833-D2AA73E89F12}.Debug|x64.Build.0 = Debug|x64
		{1B58C3E6-B53E-48D1-9833-D2AA73E89F12}.Debug|x86.ActiveCfg = Debug|Win32
		{1B58C3E6-B53E-48D1-9833-D2AA73E89F12}.Debug|x86.Build.0 = Debug|Win32
		{1B58C3E6-B53E-48D1-9833-D2AA73E89F12}.Release|x64.ActiveCfg = Release|x64
		{1B58C3E6-B53E-48D1-9833-D2AA73E89F12}.Release|x64.Build.0 = Release|x64
		{1B58C3E6-B53E-48D1-9833-D2AA73E89F12}.Release|x86.ActiveCfg = Release|Win32
		{1B58C3E6-B53E-48D1-9833-D2AA73E89F12}.Release|x86.Build.0 = Release|Win32
		{0D7BE73F-45F7-426B-B91C-0892898D9E67}.Debug|x64.ActiveCfg = Debug|x64
		{0D7BE73F-45F7-426B-B91C-0892898D9E67}.Debug|x64.Build.0 = Debug|x64
		{0D7BE73F-45F7-426B-B91C-0892898D9E67}.Debug|x86.ActiveCfg = Debug|Win32
		{0D7BE73F-45F7-426B-B91C-0892898D9E67}.Debug|x86.Build.0 = Debug|Win32
		{0D7BE73F-45F7-426B-B91C-0892898D9E67}.Release|x64.ActiveCfg = Release|x64
		{0D7BE73F-45F7-426B-B91C-0892898D9E67}.Release|x64.Build.0 = Release|x64
		{0D7BE73F-45F7-426B-B91C-0892898D9E67}.Release|x86.ActiveCfg = Release|Win32
		{0D7BE73F-45F7-426B-B91C-0892898D9E67}.Release|x86.Build.0 = Release|Win32
		{30B2D3F4-5442-43A4-BF1B-D6544A153FAD}.Debug|x64.ActiveCfg = Debug|x64
		{30B2D3F4-5442-43A4-BF1B-D6544A153FAD}.Debug|x64.Build.0 = Debug|x64
		{30B2D3F4-5442-43A4-BF1B-D6544A153FAD}.Debug|x86.ActiveCfg = Debug|Win32
		{30B2D3F4-5442-43A4-BF1B-D6544A153FAD}.Debug|x86.Build.0 = Debug|Win32
		{30B2D3F4-5442-43A4-BF1B-D6544A153FAD}.Release|x64.ActiveCfg = Release|x64
		{30B2D3F4-5442-43A4-BF1B-D6544A153FAD}.Release|x64.Build.0 = Release|x64
		{30B2D3F4-5442-43A4-BF1B-D6544A153FAD}.Release|x86.ActiveCfg = Release|Win32
		{30B2D3F4-5442-43A4-BF1B-D6544A153FAD}.Release|x86.Build.0 = Release|Win32
		{9E2BC5B3-777E-4E41-BCBD-03058BF5EE4D}.Debug|x64.ActiveCfg = Debug|x64
		{9E2BC5B3-777E-4E41-BCBD-03058BF5EE4D}.Debug|x64.Build.0 = Debug|x64
		{9E2BC5B3-777E-4E41-BCBD-03058BF5EE4D}.Debug|x86.ActiveCfg = Debug|Win32
		{9E2BC5B3-777E-4E41-BCBD-03058BF5EE4D}.Debug|x86.Build.0 = Debug|Win32
		{9E2BC5B3-777E-4E41-BCBD-03058BF5EE4D}.Release|x64.ActiveCfg = Release|x64
		{9E2BC5B3-777E-4E41-BCBD-03058BF5EE4D}.Release|x64.Build.0 = Release|x64
		{9E2BC5B3-777E-4E41-BCBD-03058BF5EE4D}.Release|x86.ActiveCfg = Release|Win32
		{9E2BC5B3-777E-4E41-BCBD-03058BF5EE4D}.Release|x86.Build.0 = Release|Win32
		{AC80CA7A-36C6-4C2D-8A64-53E625008E9B}.Debug|x64.ActiveCfg = Debug|x64
		{AC80CA7A-36C6-4C2D-8A64-53E625008E9B}.Debug|x64.Build.0 = Debug|x64
		{AC80CA7A-36C6-4C2D-8A64-53E625008E9B}.Debug|x86.ActiveCfg = Debug|Win32
		{AC80CA7A-36C6-4C2D-8A64-53E625008E9B}.Debug|x86.Build.0 = Debug|Win32
		{AC80CA7A-36C6-4C2D-8A64-53E625008E9B}.Release|x64.ActiveCfg = Release|x64
		{AC80CA7A-36C6-4C2D-8A64-53E625008E9B}.Release|x64.Build.0 = Release|x64
		{AC80CA7A-36C6-4C2D-8A64-53E625008E9B}.Release|x86.ActiveCfg = Release|Win32
		{AC80CA7A-36C6-4C2D-8A64-53E625008E9B}.Release|x86.Build.0 = Release|Win32
		{123B81A0-3437-41AD-B359-FF4EA5FCF12C}.Debug|x64.ActiveCfg = Debug|x64
		{123B81A0-3437-41AD-B359-FF4EA5FCF12C}.Debug|x64.Build.0 = Debug|x64
		{123B81A0-3437-41AD-B359-FF4EA5FCF12C}.Debug|x86.ActiveCfg = Debug|Win32
		{123B81A0-3437-41AD-B359-FF4EA5FCF12C}.Debug|x86.Build.0 = Debug|Win32
		{123B81A0-3437-41AD-B359-FF4EA5FCF12C}.Release|x64.ActiveCfg = Release|x64
		{123B81A0-3437-41AD-B359-FF4EA5FCF12C}.Release|x64.Build.0 = Release|x64
		{123B81A0-3437-41AD-B359-FF4EA5FCF12C}.Release|x86.ActiveCfg = Release|Win32
		{123B81A0-3437-41AD-B359-FF4EA5FCF12C}.Release|x86.Build.0 = Release|Win32
		{3AD3C86A-BC34-4752-BCB5-9BA5B86220CA}.Debug|x64.ActiveCfg = Debug|x64
		{3AD3C86A-BC34-4752-BCB5-9BA5B86220CA}.Debug|x64.Build.0 = Debug|x64
		{3AD3C86A-BC34-4752-BCB5-9BA5B86220CA}.Debug|x86.ActiveCfg = Debug|Win32
		{3AD3C86A-BC34-4752-BCB5-9BA5B86220CA}.Debug|x86.Build.0 = Debug|Win32
		{3AD3C86A-BC34-4752-BCB5-9BA5B86220CA}.Release|x64.ActiveCfg = Release|x64
		{3AD3C86A-BC34-4752-BCB5-9BA5B86220CA}.Release|x64.Build.0 = Release|x64
		{3AD3C86A-BC34-4752-BCB5-9BA5B86220CA}.Release|x86.ActiveCfg = Release|Win32
		{3AD3C86A-BC34-4752-BCB5-9BA5B86220CA}.Release|x86.Build.0 = Release|Win32
	EndGlobalSection
	GlobalSection(SolutionProperties) = preSolution
		HideSolutionNode = FALSE
	EndGlobalSection
	GlobalSection(ExtensibilityGlobals) = postSolution
		SolutionGuid = {0A591C84-F846-4FB7-B9B3-BBA1A4090B32}
	EndGlobalSection
EndGlobal
