
Microsoft Visual Studio Solution File, Format Version 12.00
# Visual Studio Version 17
VisualStudioVersion = 17.11.35219.272
MinimumVisualStudioVersion = 10.0.40219.1
Project("{8BC9CEB8-8B4A-11D0-8D11-00A0C91BC942}") = "001_Hello World", "001_Hello World\001_Hello World.vcxproj", "{9D723227-F583-468B-B457-832FB896C446}"
EndProject
Project("{8BC9CEB8-8B4A-11D0-8D11-00A0C91BC942}") = "002_Name", "002_Name\002_Name.vcxproj", "{FC8D928A-2467-4D3F-9A31-F1CE17DBAB23}"
EndProject
Project("{8BC9CEB8-8B4A-11D0-8D11-00A0C91BC942}") = "003_Smallest", "003_Smallest\003_Smallest.vcxproj", "{DE8B747D-39F1-4308-9D85-18CB141AE489}"
EndProject
Project("{8BC9CEB8-8B4A-11D0-8D11-00A0C91BC942}") = "004_애국가", "004_애국가\004_애국가.vcxproj", "{3E556FC9-F3FA-4561-90F6-5DB51705522B}"
EndProject
Project("{8BC9CEB8-8B4A-11D0-8D11-00A0C91BC942}") = "005_Plus", "005_Plus\005_Plus.vcxproj", "{4B30F179-7D3D-4698-ABD8-22DC8E8E841E}"
EndProject
Project("{8BC9CEB8-8B4A-11D0-8D11-00A0C91BC942}") = "006_Fomat", "006_Fomat\006_Fomat.vcxproj", "{6B76832F-C27A-4C27-9C69-01EACCBC1AB2}"
EndProject
Project("{8BC9CEB8-8B4A-11D0-8D11-00A0C91BC942}") = "007_Variable", "007_Variable\007_Variable.vcxproj", "{3673B8F1-F1BF-43DB-B5B0-3538F13D641C}"
EndProject
Project("{8BC9CEB8-8B4A-11D0-8D11-00A0C91BC942}") = "008_Arithmetic", "008_Arithmetic\008_Arithmetic.vcxproj", "{302DEE96-3BB9-4D68-AF1B-0EE774C234D9}"
EndProject
Project("{8BC9CEB8-8B4A-11D0-8D11-00A0C91BC942}") = "009_Sizeof", "009_sizeof\009_sizeof.vcxproj", "{66C761B7-66E7-427A-AE28-48BCFDB412AE}"
EndProject
Project("{8BC9CEB8-8B4A-11D0-8D11-00A0C91BC942}") = "010_Type", "010_Type\010_Type.vcxproj", "{7C8FC033-8240-43A8-9926-5D205DB3EA93}"
EndProject
Project("{8BC9CEB8-8B4A-11D0-8D11-00A0C91BC942}") = "011_Average", "011_Average\011_Average.vcxproj", "{A2B30719-FDD8-4E9B-9F7A-7A0B3567BADA}"
EndProject
Project("{8BC9CEB8-8B4A-11D0-8D11-00A0C91BC942}") = "012_ASCII", "012_ASCII\012_ASCII.vcxproj", "{C8D6E697-E851-486B-831F-FEFA4D8BAAC7}"
EndProject
Project("{8BC9CEB8-8B4A-11D0-8D11-00A0C91BC942}") = "013_ASCII2", "013_ASCII2\013_ASCII2.vcxproj", "{18445BED-0B48-4347-8E35-F488C5136D02}"
EndProject
Project("{8BC9CEB8-8B4A-11D0-8D11-00A0C91BC942}") = "014_Increment", "014_Increment\014_Increment.vcxproj", "{0F574A53-6453-438F-A341-84F77117D5DD}"
EndProject
Project("{8BC9CEB8-8B4A-11D0-8D11-00A0C91BC942}") = "015_relationalOp", "015_relationalOp\015_relationalOp.vcxproj", "{6BB0FD9E-933C-44EA-B1C1-CF7617C1D9F4}"
EndProject
Global
	GlobalSection(SolutionConfigurationPlatforms) = preSolution
		Debug|x64 = Debug|x64
		Debug|x86 = Debug|x86
		Release|x64 = Release|x64
		Release|x86 = Release|x86
	EndGlobalSection
	GlobalSection(ProjectConfigurationPlatforms) = postSolution
		{9D723227-F583-468B-B457-832FB896C446}.Debug|x64.ActiveCfg = Debug|x64
		{9D723227-F583-468B-B457-832FB896C446}.Debug|x64.Build.0 = Debug|x64
		{9D723227-F583-468B-B457-832FB896C446}.Debug|x86.ActiveCfg = Debug|Win32
		{9D723227-F583-468B-B457-832FB896C446}.Debug|x86.Build.0 = Debug|Win32
		{9D723227-F583-468B-B457-832FB896C446}.Release|x64.ActiveCfg = Release|x64
		{9D723227-F583-468B-B457-832FB896C446}.Release|x64.Build.0 = Release|x64
		{9D723227-F583-468B-B457-832FB896C446}.Release|x86.ActiveCfg = Release|Win32
		{9D723227-F583-468B-B457-832FB896C446}.Release|x86.Build.0 = Release|Win32
		{FC8D928A-2467-4D3F-9A31-F1CE17DBAB23}.Debug|x64.ActiveCfg = Debug|x64
		{FC8D928A-2467-4D3F-9A31-F1CE17DBAB23}.Debug|x64.Build.0 = Debug|x64
		{FC8D928A-2467-4D3F-9A31-F1CE17DBAB23}.Debug|x86.ActiveCfg = Debug|Win32
		{FC8D928A-2467-4D3F-9A31-F1CE17DBAB23}.Debug|x86.Build.0 = Debug|Win32
		{FC8D928A-2467-4D3F-9A31-F1CE17DBAB23}.Release|x64.ActiveCfg = Release|x64
		{FC8D928A-2467-4D3F-9A31-F1CE17DBAB23}.Release|x64.Build.0 = Release|x64
		{FC8D928A-2467-4D3F-9A31-F1CE17DBAB23}.Release|x86.ActiveCfg = Release|Win32
		{FC8D928A-2467-4D3F-9A31-F1CE17DBAB23}.Release|x86.Build.0 = Release|Win32
		{DE8B747D-39F1-4308-9D85-18CB141AE489}.Debug|x64.ActiveCfg = Debug|x64
		{DE8B747D-39F1-4308-9D85-18CB141AE489}.Debug|x64.Build.0 = Debug|x64
		{DE8B747D-39F1-4308-9D85-18CB141AE489}.Debug|x86.ActiveCfg = Debug|Win32
		{DE8B747D-39F1-4308-9D85-18CB141AE489}.Debug|x86.Build.0 = Debug|Win32
		{DE8B747D-39F1-4308-9D85-18CB141AE489}.Release|x64.ActiveCfg = Release|x64
		{DE8B747D-39F1-4308-9D85-18CB141AE489}.Release|x64.Build.0 = Release|x64
		{DE8B747D-39F1-4308-9D85-18CB141AE489}.Release|x86.ActiveCfg = Release|Win32
		{DE8B747D-39F1-4308-9D85-18CB141AE489}.Release|x86.Build.0 = Release|Win32
		{3E556FC9-F3FA-4561-90F6-5DB51705522B}.Debug|x64.ActiveCfg = Debug|x64
		{3E556FC9-F3FA-4561-90F6-5DB51705522B}.Debug|x64.Build.0 = Debug|x64
		{3E556FC9-F3FA-4561-90F6-5DB51705522B}.Debug|x86.ActiveCfg = Debug|Win32
		{3E556FC9-F3FA-4561-90F6-5DB51705522B}.Debug|x86.Build.0 = Debug|Win32
		{3E556FC9-F3FA-4561-90F6-5DB51705522B}.Release|x64.ActiveCfg = Release|x64
		{3E556FC9-F3FA-4561-90F6-5DB51705522B}.Release|x64.Build.0 = Release|x64
		{3E556FC9-F3FA-4561-90F6-5DB51705522B}.Release|x86.ActiveCfg = Release|Win32
		{3E556FC9-F3FA-4561-90F6-5DB51705522B}.Release|x86.Build.0 = Release|Win32
		{4B30F179-7D3D-4698-ABD8-22DC8E8E841E}.Debug|x64.ActiveCfg = Debug|x64
		{4B30F179-7D3D-4698-ABD8-22DC8E8E841E}.Debug|x64.Build.0 = Debug|x64
		{4B30F179-7D3D-4698-ABD8-22DC8E8E841E}.Debug|x86.ActiveCfg = Debug|Win32
		{4B30F179-7D3D-4698-ABD8-22DC8E8E841E}.Debug|x86.Build.0 = Debug|Win32
		{4B30F179-7D3D-4698-ABD8-22DC8E8E841E}.Release|x64.ActiveCfg = Release|x64
		{4B30F179-7D3D-4698-ABD8-22DC8E8E841E}.Release|x64.Build.0 = Release|x64
		{4B30F179-7D3D-4698-ABD8-22DC8E8E841E}.Release|x86.ActiveCfg = Release|Win32
		{4B30F179-7D3D-4698-ABD8-22DC8E8E841E}.Release|x86.Build.0 = Release|Win32
		{6B76832F-C27A-4C27-9C69-01EACCBC1AB2}.Debug|x64.ActiveCfg = Debug|x64
		{6B76832F-C27A-4C27-9C69-01EACCBC1AB2}.Debug|x64.Build.0 = Debug|x64
		{6B76832F-C27A-4C27-9C69-01EACCBC1AB2}.Debug|x86.ActiveCfg = Debug|Win32
		{6B76832F-C27A-4C27-9C69-01EACCBC1AB2}.Debug|x86.Build.0 = Debug|Win32
		{6B76832F-C27A-4C27-9C69-01EACCBC1AB2}.Release|x64.ActiveCfg = Release|x64
		{6B76832F-C27A-4C27-9C69-01EACCBC1AB2}.Release|x64.Build.0 = Release|x64
		{6B76832F-C27A-4C27-9C69-01EACCBC1AB2}.Release|x86.ActiveCfg = Release|Win32
		{6B76832F-C27A-4C27-9C69-01EACCBC1AB2}.Release|x86.Build.0 = Release|Win32
		{3673B8F1-F1BF-43DB-B5B0-3538F13D641C}.Debug|x64.ActiveCfg = Debug|x64
		{3673B8F1-F1BF-43DB-B5B0-3538F13D641C}.Debug|x64.Build.0 = Debug|x64
		{3673B8F1-F1BF-43DB-B5B0-3538F13D641C}.Debug|x86.ActiveCfg = Debug|Win32
		{3673B8F1-F1BF-43DB-B5B0-3538F13D641C}.Debug|x86.Build.0 = Debug|Win32
		{3673B8F1-F1BF-43DB-B5B0-3538F13D641C}.Release|x64.ActiveCfg = Release|x64
		{3673B8F1-F1BF-43DB-B5B0-3538F13D641C}.Release|x64.Build.0 = Release|x64
		{3673B8F1-F1BF-43DB-B5B0-3538F13D641C}.Release|x86.ActiveCfg = Release|Win32
		{3673B8F1-F1BF-43DB-B5B0-3538F13D641C}.Release|x86.Build.0 = Release|Win32
		{302DEE96-3BB9-4D68-AF1B-0EE774C234D9}.Debug|x64.ActiveCfg = Debug|x64
		{302DEE96-3BB9-4D68-AF1B-0EE774C234D9}.Debug|x64.Build.0 = Debug|x64
		{302DEE96-3BB9-4D68-AF1B-0EE774C234D9}.Debug|x86.ActiveCfg = Debug|Win32
		{302DEE96-3BB9-4D68-AF1B-0EE774C234D9}.Debug|x86.Build.0 = Debug|Win32
		{302DEE96-3BB9-4D68-AF1B-0EE774C234D9}.Release|x64.ActiveCfg = Release|x64
		{302DEE96-3BB9-4D68-AF1B-0EE774C234D9}.Release|x64.Build.0 = Release|x64
		{302DEE96-3BB9-4D68-AF1B-0EE774C234D9}.Release|x86.ActiveCfg = Release|Win32
		{302DEE96-3BB9-4D68-AF1B-0EE774C234D9}.Release|x86.Build.0 = Release|Win32
		{66C761B7-66E7-427A-AE28-48BCFDB412AE}.Debug|x64.ActiveCfg = Debug|x64
		{66C761B7-66E7-427A-AE28-48BCFDB412AE}.Debug|x64.Build.0 = Debug|x64
		{66C761B7-66E7-427A-AE28-48BCFDB412AE}.Debug|x86.ActiveCfg = Debug|Win32
		{66C761B7-66E7-427A-AE28-48BCFDB412AE}.Debug|x86.Build.0 = Debug|Win32
		{66C761B7-66E7-427A-AE28-48BCFDB412AE}.Release|x64.ActiveCfg = Release|x64
		{66C761B7-66E7-427A-AE28-48BCFDB412AE}.Release|x64.Build.0 = Release|x64
		{66C761B7-66E7-427A-AE28-48BCFDB412AE}.Release|x86.ActiveCfg = Release|Win32
		{66C761B7-66E7-427A-AE28-48BCFDB412AE}.Release|x86.Build.0 = Release|Win32
		{7C8FC033-8240-43A8-9926-5D205DB3EA93}.Debug|x64.ActiveCfg = Debug|x64
		{7C8FC033-8240-43A8-9926-5D205DB3EA93}.Debug|x64.Build.0 = Debug|x64
		{7C8FC033-8240-43A8-9926-5D205DB3EA93}.Debug|x86.ActiveCfg = Debug|Win32
		{7C8FC033-8240-43A8-9926-5D205DB3EA93}.Debug|x86.Build.0 = Debug|Win32
		{7C8FC033-8240-43A8-9926-5D205DB3EA93}.Release|x64.ActiveCfg = Release|x64
		{7C8FC033-8240-43A8-9926-5D205DB3EA93}.Release|x64.Build.0 = Release|x64
		{7C8FC033-8240-43A8-9926-5D205DB3EA93}.Release|x86.ActiveCfg = Release|Win32
		{7C8FC033-8240-43A8-9926-5D205DB3EA93}.Release|x86.Build.0 = Release|Win32
		{A2B30719-FDD8-4E9B-9F7A-7A0B3567BADA}.Debug|x64.ActiveCfg = Debug|x64
		{A2B30719-FDD8-4E9B-9F7A-7A0B3567BADA}.Debug|x64.Build.0 = Debug|x64
		{A2B30719-FDD8-4E9B-9F7A-7A0B3567BADA}.Debug|x86.ActiveCfg = Debug|Win32
		{A2B30719-FDD8-4E9B-9F7A-7A0B3567BADA}.Debug|x86.Build.0 = Debug|Win32
		{A2B30719-FDD8-4E9B-9F7A-7A0B3567BADA}.Release|x64.ActiveCfg = Release|x64
		{A2B30719-FDD8-4E9B-9F7A-7A0B3567BADA}.Release|x64.Build.0 = Release|x64
		{A2B30719-FDD8-4E9B-9F7A-7A0B3567BADA}.Release|x86.ActiveCfg = Release|Win32
		{A2B30719-FDD8-4E9B-9F7A-7A0B3567BADA}.Release|x86.Build.0 = Release|Win32
		{C8D6E697-E851-486B-831F-FEFA4D8BAAC7}.Debug|x64.ActiveCfg = Debug|x64
		{C8D6E697-E851-486B-831F-FEFA4D8BAAC7}.Debug|x64.Build.0 = Debug|x64
		{C8D6E697-E851-486B-831F-FEFA4D8BAAC7}.Debug|x86.ActiveCfg = Debug|Win32
		{C8D6E697-E851-486B-831F-FEFA4D8BAAC7}.Debug|x86.Build.0 = Debug|Win32
		{C8D6E697-E851-486B-831F-FEFA4D8BAAC7}.Release|x64.ActiveCfg = Release|x64
		{C8D6E697-E851-486B-831F-FEFA4D8BAAC7}.Release|x64.Build.0 = Release|x64
		{C8D6E697-E851-486B-831F-FEFA4D8BAAC7}.Release|x86.ActiveCfg = Release|Win32
		{C8D6E697-E851-486B-831F-FEFA4D8BAAC7}.Release|x86.Build.0 = Release|Win32
		{18445BED-0B48-4347-8E35-F488C5136D02}.Debug|x64.ActiveCfg = Debug|x64
		{18445BED-0B48-4347-8E35-F488C5136D02}.Debug|x64.Build.0 = Debug|x64
		{18445BED-0B48-4347-8E35-F488C5136D02}.Debug|x86.ActiveCfg = Debug|Win32
		{18445BED-0B48-4347-8E35-F488C5136D02}.Debug|x86.Build.0 = Debug|Win32
		{18445BED-0B48-4347-8E35-F488C5136D02}.Release|x64.ActiveCfg = Release|x64
		{18445BED-0B48-4347-8E35-F488C5136D02}.Release|x64.Build.0 = Release|x64
		{18445BED-0B48-4347-8E35-F488C5136D02}.Release|x86.ActiveCfg = Release|Win32
		{18445BED-0B48-4347-8E35-F488C5136D02}.Release|x86.Build.0 = Release|Win32
		{0F574A53-6453-438F-A341-84F77117D5DD}.Debug|x64.ActiveCfg = Debug|x64
		{0F574A53-6453-438F-A341-84F77117D5DD}.Debug|x64.Build.0 = Debug|x64
		{0F574A53-6453-438F-A341-84F77117D5DD}.Debug|x86.ActiveCfg = Debug|Win32
		{0F574A53-6453-438F-A341-84F77117D5DD}.Debug|x86.Build.0 = Debug|Win32
		{0F574A53-6453-438F-A341-84F77117D5DD}.Release|x64.ActiveCfg = Release|x64
		{0F574A53-6453-438F-A341-84F77117D5DD}.Release|x64.Build.0 = Release|x64
		{0F574A53-6453-438F-A341-84F77117D5DD}.Release|x86.ActiveCfg = Release|Win32
		{0F574A53-6453-438F-A341-84F77117D5DD}.Release|x86.Build.0 = Release|Win32
		{6BB0FD9E-933C-44EA-B1C1-CF7617C1D9F4}.Debug|x64.ActiveCfg = Debug|x64
		{6BB0FD9E-933C-44EA-B1C1-CF7617C1D9F4}.Debug|x64.Build.0 = Debug|x64
		{6BB0FD9E-933C-44EA-B1C1-CF7617C1D9F4}.Debug|x86.ActiveCfg = Debug|Win32
		{6BB0FD9E-933C-44EA-B1C1-CF7617C1D9F4}.Debug|x86.Build.0 = Debug|Win32
		{6BB0FD9E-933C-44EA-B1C1-CF7617C1D9F4}.Release|x64.ActiveCfg = Release|x64
		{6BB0FD9E-933C-44EA-B1C1-CF7617C1D9F4}.Release|x64.Build.0 = Release|x64
		{6BB0FD9E-933C-44EA-B1C1-CF7617C1D9F4}.Release|x86.ActiveCfg = Release|Win32
		{6BB0FD9E-933C-44EA-B1C1-CF7617C1D9F4}.Release|x86.Build.0 = Release|Win32
	EndGlobalSection
	GlobalSection(SolutionProperties) = preSolution
		HideSolutionNode = FALSE
	EndGlobalSection
	GlobalSection(ExtensibilityGlobals) = postSolution
		SolutionGuid = {0A591C84-F846-4FB7-B9B3-BBA1A4090B32}
	EndGlobalSection
EndGlobal
